
Microsoft Visual Studio Solution File, Format Version 12.00
# Visual Studio Version 17
VisualStudioVersion = 17.1.32210.238
MinimumVisualStudioVersion = 10.0.40219.1
Project("{9A19103F-16F7-4668-BE54-9A1E7A4F7556}") = "PacketStudioLight", "PacketStudioLight\PacketStudioLight.csproj", "{8900A714-7B7F-4016-B100-41CC7891A8CF}"
EndProject
Project("{9A19103F-16F7-4668-BE54-9A1E7A4F7556}") = "FastPcapng", "FastPcapng\FastPcapng\FastPcapng.csproj", "{3B483EAB-4C71-4CF7-A392-C4A9CE40448A}"
EndProject
Project("{9A19103F-16F7-4668-BE54-9A1E7A4F7556}") = "FastPcapng.DataBending", "FastPcapng\FastPcapng.DataBending\FastPcapng.DataBending.csproj", "{0C4368C1-76AA-44C2-AE29-AE8BAB7617E7}"
EndProject
Project("{9A19103F-16F7-4668-BE54-9A1E7A4F7556}") = "PacketGenGenerator", "PacketGenGenerator\PacketGenGenerator.csproj", "{5F5A9392-20FA-439B-BC38-4BBB60F0D881}"
EndProject
Project("{9A19103F-16F7-4668-BE54-9A1E7A4F7556}") = "PacketGen", "PacketGen\PacketGen.csproj", "{F05335E1-FD8B-4B15-A1AA-CC846C13AA0A}"
EndProject
Project("{9A19103F-16F7-4668-BE54-9A1E7A4F7556}") = "MemoryPcapng", "MemoryPcapng\MemoryPcapng.csproj", "{1CB05E4B-7666-4277-88FA-D4F90F85882D}"
EndProject
Project("{9A19103F-16F7-4668-BE54-9A1E7A4F7556}") = "MemoryPcapng.Tests", "MemoryPcapng.Tests\MemoryPcapng.Tests.csproj", "{6AF9CF95-6F22-449D-A051-269805893D56}"
EndProject
Global
	GlobalSection(SolutionConfigurationPlatforms) = preSolution
		Debug|Any CPU = Debug|Any CPU
		Release|Any CPU = Release|Any CPU
	EndGlobalSection
	GlobalSection(ProjectConfigurationPlatforms) = postSolution
		{8900A714-7B7F-4016-B100-41CC7891A8CF}.Debug|Any CPU.ActiveCfg = Debug|Any CPU
		{8900A714-7B7F-4016-B100-41CC7891A8CF}.Debug|Any CPU.Build.0 = Debug|Any CPU
		{8900A714-7B7F-4016-B100-41CC7891A8CF}.Release|Any CPU.ActiveCfg = Release|Any CPU
		{8900A714-7B7F-4016-B100-41CC7891A8CF}.Release|Any CPU.Build.0 = Release|Any CPU
		{3B483EAB-4C71-4CF7-A392-C4A9CE40448A}.Debug|Any CPU.ActiveCfg = Debug|Any CPU
		{3B483EAB-4C71-4CF7-A392-C4A9CE40448A}.Debug|Any CPU.Build.0 = Debug|Any CPU
		{3B483EAB-4C71-4CF7-A392-C4A9CE40448A}.Release|Any CPU.ActiveCfg = Release|Any CPU
		{3B483EAB-4C71-4CF7-A392-C4A9CE40448A}.Release|Any CPU.Build.0 = Release|Any CPU
		{0C4368C1-76AA-44C2-AE29-AE8BAB7617E7}.Debug|Any CPU.ActiveCfg = Debug|Any CPU
		{0C4368C1-76AA-44C2-AE29-AE8BAB7617E7}.Debug|Any CPU.Build.0 = Debug|Any CPU
		{0C4368C1-76AA-44C2-AE29-AE8BAB7617E7}.Release|Any CPU.ActiveCfg = Release|Any CPU
		{0C4368C1-76AA-44C2-AE29-AE8BAB7617E7}.Release|Any CPU.Build.0 = Release|Any CPU
		{5F5A9392-20FA-439B-BC38-4BBB60F0D881}.Debug|Any CPU.ActiveCfg = Debug|Any CPU
		{5F5A9392-20FA-439B-BC38-4BBB60F0D881}.Debug|Any CPU.Build.0 = Debug|Any CPU
		{5F5A9392-20FA-439B-BC38-4BBB60F0D881}.Release|Any CPU.ActiveCfg = Release|Any CPU
		{5F5A9392-20FA-439B-BC38-4BBB60F0D881}.Release|Any CPU.Build.0 = Release|Any CPU
		{F05335E1-FD8B-4B15-A1AA-CC846C13AA0A}.Debug|Any CPU.ActiveCfg = Debug|Any CPU
		{F05335E1-FD8B-4B15-A1AA-CC846C13AA0A}.Debug|Any CPU.Build.0 = Debug|Any CPU
		{F05335E1-FD8B-4B15-A1AA-CC846C13AA0A}.Release|Any CPU.ActiveCfg = Release|Any CPU
		{F05335E1-FD8B-4B15-A1AA-CC846C13AA0A}.Release|Any CPU.Build.0 = Release|Any CPU
		{1CB05E4B-7666-4277-88FA-D4F90F85882D}.Debug|Any CPU.ActiveCfg = Debug|Any CPU
		{1CB05E4B-7666-4277-88FA-D4F90F85882D}.Debug|Any CPU.Build.0 = Debug|Any CPU
		{1CB05E4B-7666-4277-88FA-D4F90F85882D}.Release|Any CPU.ActiveCfg = Release|Any CPU
		{1CB05E4B-7666-4277-88FA-D4F90F85882D}.Release|Any CPU.Build.0 = Release|Any CPU
		{6AF9CF95-6F22-449D-A051-269805893D56}.Debug|Any CPU.ActiveCfg = Debug|Any CPU
		{6AF9CF95-6F22-449D-A051-269805893D56}.Debug|Any CPU.Build.0 = Debug|Any CPU
		{6AF9CF95-6F22-449D-A051-269805893D56}.Release|Any CPU.ActiveCfg = Release|Any CPU
		{6AF9CF95-6F22-449D-A051-269805893D56}.Release|Any CPU.Build.0 = Release|Any CPU
	EndGlobalSection
	GlobalSection(SolutionProperties) = preSolution
		HideSolutionNode = FALSE
	EndGlobalSection
	GlobalSection(ExtensibilityGlobals) = postSolution
		SolutionGuid = {26C4A481-9DCD-403A-8E43-02D78F2CDC83}
	EndGlobalSection
EndGlobal
